// !$*UTF8*$!
{
	archiveVersion = 1;
	classes = {
	};
	objectVersion = 56;
	objects = {

/* Begin PBXBuildFile section */
		4E09B40429B024BA0088978E /* FFProductTableViewCell.swift in Sources */ = {isa = PBXBuildFile; fileRef = 4E09B40329B024BA0088978E /* FFProductTableViewCell.swift */; };
		4E09B40629B02E520088978E /* FFProductTableViewHeader.swift in Sources */ = {isa = PBXBuildFile; fileRef = 4E09B40529B02E520088978E /* FFProductTableViewHeader.swift */; };
		4E0DDD6929AC2FC300A5894E /* Poppins-Bold.ttf in Resources */ = {isa = PBXBuildFile; fileRef = 4E0DDD6629AC2FC300A5894E /* Poppins-Bold.ttf */; };
		4E0DDD6A29AC2FC300A5894E /* Poppins-Regular.ttf in Resources */ = {isa = PBXBuildFile; fileRef = 4E0DDD6729AC2FC300A5894E /* Poppins-Regular.ttf */; };
		4E0DDD6B29AC2FC300A5894E /* Poppins-Medium.ttf in Resources */ = {isa = PBXBuildFile; fileRef = 4E0DDD6829AC2FC300A5894E /* Poppins-Medium.ttf */; };
		4E2A000729BFDB040090B113 /* FFStorageCellDetailVC.swift in Sources */ = {isa = PBXBuildFile; fileRef = 4E2A000629BFDB040090B113 /* FFStorageCellDetailVC.swift */; };
		4E2DAA0D29CF9C5600F78C3D /* FFService.swift in Sources */ = {isa = PBXBuildFile; fileRef = 4E2DAA0C29CF9C5600F78C3D /* FFService.swift */; };
		4E2DAA0F29CF9C5D00F78C3D /* FFRequest.swift in Sources */ = {isa = PBXBuildFile; fileRef = 4E2DAA0E29CF9C5D00F78C3D /* FFRequest.swift */; };
		4E2DAA1129CF9C7000F78C3D /* FFEndpoint.swift in Sources */ = {isa = PBXBuildFile; fileRef = 4E2DAA1029CF9C7000F78C3D /* FFEndpoint.swift */; };
		4E364F6E29D4C19C00DD0840 /* FFActivityIndicatorManager.swift in Sources */ = {isa = PBXBuildFile; fileRef = 4E364F6D29D4C19C00DD0840 /* FFActivityIndicatorManager.swift */; };
		4E5FB26729BE199400A34495 /* FFStorageVC+TableView.swift in Sources */ = {isa = PBXBuildFile; fileRef = 4E5FB26629BE199400A34495 /* FFStorageVC+TableView.swift */; };
		4E83D5DF29A4364E00D68939 /* FFStorageVC.swift in Sources */ = {isa = PBXBuildFile; fileRef = 4E83D5DE29A4364E00D68939 /* FFStorageVC.swift */; };
		4E83D5E129A4365D00D68939 /* FFFinanceVC.swift in Sources */ = {isa = PBXBuildFile; fileRef = 4E83D5E029A4365D00D68939 /* FFFinanceVC.swift */; };
		4E83D5E329A4367200D68939 /* FFPromoVC.swift in Sources */ = {isa = PBXBuildFile; fileRef = 4E83D5E229A4367200D68939 /* FFPromoVC.swift */; };
		4E83D5E529A4368A00D68939 /* FFAdminVC.swift in Sources */ = {isa = PBXBuildFile; fileRef = 4E83D5E429A4368A00D68939 /* FFAdminVC.swift */; };
		4E83D5E729A44E0600D68939 /* Extensions.swift in Sources */ = {isa = PBXBuildFile; fileRef = 4E83D5E629A44E0600D68939 /* Extensions.swift */; };
		4E84FF9329D588FB00120A52 /* FFAlertManager.swift in Sources */ = {isa = PBXBuildFile; fileRef = 4E84FF9229D588FB00120A52 /* FFAlertManager.swift */; };
		4E84FF9529D60D1B00120A52 /* FFKeychainManager.swift in Sources */ = {isa = PBXBuildFile; fileRef = 4E84FF9429D60D1B00120A52 /* FFKeychainManager.swift */; };
		4E90E33A29AADE0700311C14 /* FFStorageVM.swift in Sources */ = {isa = PBXBuildFile; fileRef = 4E90E33929AADE0700311C14 /* FFStorageVM.swift */; };
		4E9E8CA529C642900021940F /* MainTabBarCoordinator.swift in Sources */ = {isa = PBXBuildFile; fileRef = 4E9E8CA429C642900021940F /* MainTabBarCoordinator.swift */; };
		4E9E8CA729C6454E0021940F /* FFStorageCoordinator.swift in Sources */ = {isa = PBXBuildFile; fileRef = 4E9E8CA629C6454E0021940F /* FFStorageCoordinator.swift */; };
		4E9E8CA929C683F70021940F /* FFFinanceCoordinator.swift in Sources */ = {isa = PBXBuildFile; fileRef = 4E9E8CA829C683F70021940F /* FFFinanceCoordinator.swift */; };
		4EAD070129CD059700B13274 /* FFStorageCellDetailVM.swift in Sources */ = {isa = PBXBuildFile; fileRef = 4EAD070029CD059700B13274 /* FFStorageCellDetailVM.swift */; };
		4EAE155B29D72A390047A0E7 /* Company.swift in Sources */ = {isa = PBXBuildFile; fileRef = 4EAE155A29D72A390047A0E7 /* Company.swift */; };
		4EB5DDE229BA03FA00C9B92D /* Binder.swift in Sources */ = {isa = PBXBuildFile; fileRef = 4EB5DDE129BA03FA00C9B92D /* Binder.swift */; };
		4EB7E82829AD8177009C902B /* FFStorageSearchResultVC.swift in Sources */ = {isa = PBXBuildFile; fileRef = 4EB7E82729AD8177009C902B /* FFStorageSearchResultVC.swift */; };
		4EBEC3DF29A4338C00CB72C5 /* AppDelegate.swift in Sources */ = {isa = PBXBuildFile; fileRef = 4EBEC3DE29A4338C00CB72C5 /* AppDelegate.swift */; };
		4EBEC3E129A4338C00CB72C5 /* SceneDelegate.swift in Sources */ = {isa = PBXBuildFile; fileRef = 4EBEC3E029A4338C00CB72C5 /* SceneDelegate.swift */; };
		4EBEC3E829A4338D00CB72C5 /* Assets.xcassets in Resources */ = {isa = PBXBuildFile; fileRef = 4EBEC3E729A4338D00CB72C5 /* Assets.xcassets */; };
		4EBEC3EB29A4338D00CB72C5 /* LaunchScreen.storyboard in Resources */ = {isa = PBXBuildFile; fileRef = 4EBEC3E929A4338D00CB72C5 /* LaunchScreen.storyboard */; };
		4EC8C5C129C9E95B008F5412 /* FFFinanceDetailVC.swift in Sources */ = {isa = PBXBuildFile; fileRef = 4EC8C5C029C9E95B008F5412 /* FFFinanceDetailVC.swift */; };
		4EC8C5C329CA6205008F5412 /* FFPromoCoordinator.swift in Sources */ = {isa = PBXBuildFile; fileRef = 4EC8C5C229CA6205008F5412 /* FFPromoCoordinator.swift */; };
		4EC8C5C529CA6396008F5412 /* FFAdminCoordinator.swift in Sources */ = {isa = PBXBuildFile; fileRef = 4EC8C5C429CA6396008F5412 /* FFAdminCoordinator.swift */; };
		4ECD52B729AEA0F7003EC3C6 /* FFMainViewCardV.swift in Sources */ = {isa = PBXBuildFile; fileRef = 4ECD52B629AEA0F7003EC3C6 /* FFMainViewCardV.swift */; };
		4ECD52B929AEE381003EC3C6 /* ActualGradientButton.swift in Sources */ = {isa = PBXBuildFile; fileRef = 4ECD52B829AEE381003EC3C6 /* ActualGradientButton.swift */; };
		4ED496A729BD4E9D0042A3F6 /* FFProductTableViewFooterV.swift in Sources */ = {isa = PBXBuildFile; fileRef = 4ED496A629BD4E9D0042A3F6 /* FFProductTableViewFooterV.swift */; };
		4EF93F4429A6877100BF9AB3 /* User.swift in Sources */ = {isa = PBXBuildFile; fileRef = 4EF93F4329A6877100BF9AB3 /* User.swift */; };
		4EFB7DBF29D375A6002DA792 /* TokenJWT.swift in Sources */ = {isa = PBXBuildFile; fileRef = 4EFB7DBE29D375A6002DA792 /* TokenJWT.swift */; };
		4EFB7DC229D387AC002DA792 /* FFLoginVC.swift in Sources */ = {isa = PBXBuildFile; fileRef = 4EFB7DC129D387AC002DA792 /* FFLoginVC.swift */; };
		4EFB7DC529D387F7002DA792 /* FFLoginVM.swift in Sources */ = {isa = PBXBuildFile; fileRef = 4EFB7DC429D387F7002DA792 /* FFLoginVM.swift */; };
		4EFB7DC729D388DA002DA792 /* FFLoginCoordinator.swift in Sources */ = {isa = PBXBuildFile; fileRef = 4EFB7DC629D388DA002DA792 /* FFLoginCoordinator.swift */; };
		4EFB7DCA29D3B213002DA792 /* AuthRequestBody.swift in Sources */ = {isa = PBXBuildFile; fileRef = 4EFB7DC929D3B213002DA792 /* AuthRequestBody.swift */; };
		4EFC791129C520F9004A1069 /* AppCoordinator.swift in Sources */ = {isa = PBXBuildFile; fileRef = 4EFC791029C520F9004A1069 /* AppCoordinator.swift */; };
		4EFF7CDE29B7CBAC00B9D086 /* Product.swift in Sources */ = {isa = PBXBuildFile; fileRef = 4EFF7CDD29B7CBAC00B9D086 /* Product.swift */; };
		4EFF7CE029B7CDA500B9D086 /* FFProductCellVM.swift in Sources */ = {isa = PBXBuildFile; fileRef = 4EFF7CDF29B7CDA500B9D086 /* FFProductCellVM.swift */; };
		8EC699C4B54872EDC20F8DDA /* Pods_FinFlow.framework in Frameworks */ = {isa = PBXBuildFile; fileRef = 0AF8D14B127D08F619697282 /* Pods_FinFlow.framework */; };
/* End PBXBuildFile section */

/* Begin PBXFileReference section */
		0AF8D14B127D08F619697282 /* Pods_FinFlow.framework */ = {isa = PBXFileReference; explicitFileType = wrapper.framework; includeInIndex = 0; path = Pods_FinFlow.framework; sourceTree = BUILT_PRODUCTS_DIR; };
		3B185CFAF1B856F0A85EC086 /* Pods-FinFlow.debug.xcconfig */ = {isa = PBXFileReference; includeInIndex = 1; lastKnownFileType = text.xcconfig; name = "Pods-FinFlow.debug.xcconfig"; path = "Target Support Files/Pods-FinFlow/Pods-FinFlow.debug.xcconfig"; sourceTree = "<group>"; };
		4E09B40329B024BA0088978E /* FFProductTableViewCell.swift */ = {isa = PBXFileReference; lastKnownFileType = sourcecode.swift; path = FFProductTableViewCell.swift; sourceTree = "<group>"; };
		4E09B40529B02E520088978E /* FFProductTableViewHeader.swift */ = {isa = PBXFileReference; lastKnownFileType = sourcecode.swift; path = FFProductTableViewHeader.swift; sourceTree = "<group>"; };
		4E0DDD6629AC2FC300A5894E /* Poppins-Bold.ttf */ = {isa = PBXFileReference; lastKnownFileType = file; path = "Poppins-Bold.ttf"; sourceTree = "<group>"; };
		4E0DDD6729AC2FC300A5894E /* Poppins-Regular.ttf */ = {isa = PBXFileReference; lastKnownFileType = file; path = "Poppins-Regular.ttf"; sourceTree = "<group>"; };
		4E0DDD6829AC2FC300A5894E /* Poppins-Medium.ttf */ = {isa = PBXFileReference; lastKnownFileType = file; path = "Poppins-Medium.ttf"; sourceTree = "<group>"; };
		4E2A000629BFDB040090B113 /* FFStorageCellDetailVC.swift */ = {isa = PBXFileReference; lastKnownFileType = sourcecode.swift; path = FFStorageCellDetailVC.swift; sourceTree = "<group>"; };
		4E2DAA0C29CF9C5600F78C3D /* FFService.swift */ = {isa = PBXFileReference; lastKnownFileType = sourcecode.swift; name = FFService.swift; path = FinFlow/APIClient/FFService.swift; sourceTree = SOURCE_ROOT; };
		4E2DAA0E29CF9C5D00F78C3D /* FFRequest.swift */ = {isa = PBXFileReference; lastKnownFileType = sourcecode.swift; name = FFRequest.swift; path = FinFlow/APIClient/FFRequest.swift; sourceTree = SOURCE_ROOT; };
		4E2DAA1029CF9C7000F78C3D /* FFEndpoint.swift */ = {isa = PBXFileReference; lastKnownFileType = sourcecode.swift; name = FFEndpoint.swift; path = FinFlow/APIClient/FFEndpoint.swift; sourceTree = SOURCE_ROOT; };
		4E364F6D29D4C19C00DD0840 /* FFActivityIndicatorManager.swift */ = {isa = PBXFileReference; lastKnownFileType = sourcecode.swift; path = FFActivityIndicatorManager.swift; sourceTree = "<group>"; };
		4E5FB26629BE199400A34495 /* FFStorageVC+TableView.swift */ = {isa = PBXFileReference; lastKnownFileType = sourcecode.swift; path = "FFStorageVC+TableView.swift"; sourceTree = "<group>"; };
		4E83D5DE29A4364E00D68939 /* FFStorageVC.swift */ = {isa = PBXFileReference; lastKnownFileType = sourcecode.swift; path = FFStorageVC.swift; sourceTree = "<group>"; };
		4E83D5E029A4365D00D68939 /* FFFinanceVC.swift */ = {isa = PBXFileReference; lastKnownFileType = sourcecode.swift; path = FFFinanceVC.swift; sourceTree = "<group>"; };
		4E83D5E229A4367200D68939 /* FFPromoVC.swift */ = {isa = PBXFileReference; lastKnownFileType = sourcecode.swift; path = FFPromoVC.swift; sourceTree = "<group>"; };
		4E83D5E429A4368A00D68939 /* FFAdminVC.swift */ = {isa = PBXFileReference; lastKnownFileType = sourcecode.swift; path = FFAdminVC.swift; sourceTree = "<group>"; };
		4E83D5E629A44E0600D68939 /* Extensions.swift */ = {isa = PBXFileReference; lastKnownFileType = sourcecode.swift; path = Extensions.swift; sourceTree = "<group>"; };
		4E84FF9229D588FB00120A52 /* FFAlertManager.swift */ = {isa = PBXFileReference; lastKnownFileType = sourcecode.swift; path = FFAlertManager.swift; sourceTree = "<group>"; };
		4E84FF9429D60D1B00120A52 /* FFKeychainManager.swift */ = {isa = PBXFileReference; lastKnownFileType = sourcecode.swift; path = FFKeychainManager.swift; sourceTree = "<group>"; };
		4E90E33929AADE0700311C14 /* FFStorageVM.swift */ = {isa = PBXFileReference; lastKnownFileType = sourcecode.swift; path = FFStorageVM.swift; sourceTree = "<group>"; };
		4E9E8CA429C642900021940F /* MainTabBarCoordinator.swift */ = {isa = PBXFileReference; lastKnownFileType = sourcecode.swift; path = MainTabBarCoordinator.swift; sourceTree = "<group>"; };
		4E9E8CA629C6454E0021940F /* FFStorageCoordinator.swift */ = {isa = PBXFileReference; lastKnownFileType = sourcecode.swift; path = FFStorageCoordinator.swift; sourceTree = "<group>"; };
		4E9E8CA829C683F70021940F /* FFFinanceCoordinator.swift */ = {isa = PBXFileReference; lastKnownFileType = sourcecode.swift; path = FFFinanceCoordinator.swift; sourceTree = "<group>"; };
		4EAD070029CD059700B13274 /* FFStorageCellDetailVM.swift */ = {isa = PBXFileReference; lastKnownFileType = sourcecode.swift; path = FFStorageCellDetailVM.swift; sourceTree = "<group>"; };
		4EAE155A29D72A390047A0E7 /* Company.swift */ = {isa = PBXFileReference; lastKnownFileType = sourcecode.swift; path = Company.swift; sourceTree = "<group>"; };
		4EB5DDE129BA03FA00C9B92D /* Binder.swift */ = {isa = PBXFileReference; lastKnownFileType = sourcecode.swift; path = Binder.swift; sourceTree = "<group>"; };
		4EB7E82729AD8177009C902B /* FFStorageSearchResultVC.swift */ = {isa = PBXFileReference; lastKnownFileType = sourcecode.swift; path = FFStorageSearchResultVC.swift; sourceTree = "<group>"; };
		4EBEC3DB29A4338C00CB72C5 /* FinFlow.app */ = {isa = PBXFileReference; explicitFileType = wrapper.application; includeInIndex = 0; path = FinFlow.app; sourceTree = BUILT_PRODUCTS_DIR; };
		4EBEC3DE29A4338C00CB72C5 /* AppDelegate.swift */ = {isa = PBXFileReference; lastKnownFileType = sourcecode.swift; path = AppDelegate.swift; sourceTree = "<group>"; };
		4EBEC3E029A4338C00CB72C5 /* SceneDelegate.swift */ = {isa = PBXFileReference; lastKnownFileType = sourcecode.swift; path = SceneDelegate.swift; sourceTree = "<group>"; };
		4EBEC3E729A4338D00CB72C5 /* Assets.xcassets */ = {isa = PBXFileReference; lastKnownFileType = folder.assetcatalog; path = Assets.xcassets; sourceTree = "<group>"; };
		4EBEC3EA29A4338D00CB72C5 /* Base */ = {isa = PBXFileReference; lastKnownFileType = file.storyboard; name = Base; path = Base.lproj/LaunchScreen.storyboard; sourceTree = "<group>"; };
		4EBEC3EC29A4338D00CB72C5 /* Info.plist */ = {isa = PBXFileReference; lastKnownFileType = text.plist.xml; path = Info.plist; sourceTree = "<group>"; };
		4EC8C5C029C9E95B008F5412 /* FFFinanceDetailVC.swift */ = {isa = PBXFileReference; lastKnownFileType = sourcecode.swift; path = FFFinanceDetailVC.swift; sourceTree = "<group>"; };
		4EC8C5C229CA6205008F5412 /* FFPromoCoordinator.swift */ = {isa = PBXFileReference; lastKnownFileType = sourcecode.swift; path = FFPromoCoordinator.swift; sourceTree = "<group>"; };
		4EC8C5C429CA6396008F5412 /* FFAdminCoordinator.swift */ = {isa = PBXFileReference; lastKnownFileType = sourcecode.swift; path = FFAdminCoordinator.swift; sourceTree = "<group>"; };
		4ECD52B629AEA0F7003EC3C6 /* FFMainViewCardV.swift */ = {isa = PBXFileReference; lastKnownFileType = sourcecode.swift; path = FFMainViewCardV.swift; sourceTree = "<group>"; };
		4ECD52B829AEE381003EC3C6 /* ActualGradientButton.swift */ = {isa = PBXFileReference; lastKnownFileType = sourcecode.swift; path = ActualGradientButton.swift; sourceTree = "<group>"; };
		4ED496A629BD4E9D0042A3F6 /* FFProductTableViewFooterV.swift */ = {isa = PBXFileReference; lastKnownFileType = sourcecode.swift; path = FFProductTableViewFooterV.swift; sourceTree = "<group>"; };
		4EF93F4329A6877100BF9AB3 /* User.swift */ = {isa = PBXFileReference; lastKnownFileType = sourcecode.swift; path = User.swift; sourceTree = "<group>"; };
		4EFB7DBE29D375A6002DA792 /* TokenJWT.swift */ = {isa = PBXFileReference; lastKnownFileType = sourcecode.swift; path = TokenJWT.swift; sourceTree = "<group>"; };
		4EFB7DC129D387AC002DA792 /* FFLoginVC.swift */ = {isa = PBXFileReference; lastKnownFileType = sourcecode.swift; path = FFLoginVC.swift; sourceTree = "<group>"; };
		4EFB7DC429D387F7002DA792 /* FFLoginVM.swift */ = {isa = PBXFileReference; lastKnownFileType = sourcecode.swift; path = FFLoginVM.swift; sourceTree = "<group>"; };
		4EFB7DC629D388DA002DA792 /* FFLoginCoordinator.swift */ = {isa = PBXFileReference; lastKnownFileType = sourcecode.swift; path = FFLoginCoordinator.swift; sourceTree = "<group>"; };
		4EFB7DC929D3B213002DA792 /* AuthRequestBody.swift */ = {isa = PBXFileReference; lastKnownFileType = sourcecode.swift; name = AuthRequestBody.swift; path = FinFlow/APIClient/Models/AuthRequestBody.swift; sourceTree = SOURCE_ROOT; };
		4EFC791029C520F9004A1069 /* AppCoordinator.swift */ = {isa = PBXFileReference; lastKnownFileType = sourcecode.swift; path = AppCoordinator.swift; sourceTree = "<group>"; };
		4EFF7CDD29B7CBAC00B9D086 /* Product.swift */ = {isa = PBXFileReference; lastKnownFileType = sourcecode.swift; path = Product.swift; sourceTree = "<group>"; };
		4EFF7CDF29B7CDA500B9D086 /* FFProductCellVM.swift */ = {isa = PBXFileReference; lastKnownFileType = sourcecode.swift; path = FFProductCellVM.swift; sourceTree = "<group>"; };
		A9E7CC11A7FF94B85B4E8A80 /* Pods-FinFlow.release.xcconfig */ = {isa = PBXFileReference; includeInIndex = 1; lastKnownFileType = text.xcconfig; name = "Pods-FinFlow.release.xcconfig"; path = "Target Support Files/Pods-FinFlow/Pods-FinFlow.release.xcconfig"; sourceTree = "<group>"; };
/* End PBXFileReference section */

/* Begin PBXFrameworksBuildPhase section */
		4EBEC3D829A4338C00CB72C5 /* Frameworks */ = {
			isa = PBXFrameworksBuildPhase;
			buildActionMask = 2147483647;
			files = (
				8EC699C4B54872EDC20F8DDA /* Pods_FinFlow.framework in Frameworks */,
			);
			runOnlyForDeploymentPostprocessing = 0;
		};
/* End PBXFrameworksBuildPhase section */

/* Begin PBXGroup section */
		4E0DDD6429ABC05C00A5894E /* Other */ = {
			isa = PBXGroup;
			children = (
				4EB7E82729AD8177009C902B /* FFStorageSearchResultVC.swift */,
				4E2A000629BFDB040090B113 /* FFStorageCellDetailVC.swift */,
			);
			path = Other;
			sourceTree = "<group>";
		};
		4E0DDD6529AC2F9000A5894E /* Fonts */ = {
			isa = PBXGroup;
			children = (
				4E0DDD6629AC2FC300A5894E /* Poppins-Bold.ttf */,
				4E0DDD6829AC2FC300A5894E /* Poppins-Medium.ttf */,
				4E0DDD6729AC2FC300A5894E /* Poppins-Regular.ttf */,
			);
			path = Fonts;
			sourceTree = "<group>";
		};
		4E5FB26829BE60ED00A34495 /* StorageView */ = {
			isa = PBXGroup;
			children = (
				4E09B40529B02E520088978E /* FFProductTableViewHeader.swift */,
				4E09B40329B024BA0088978E /* FFProductTableViewCell.swift */,
				4ED496A629BD4E9D0042A3F6 /* FFProductTableViewFooterV.swift */,
				4ECD52B629AEA0F7003EC3C6 /* FFMainViewCardV.swift */,
			);
			path = StorageView;
			sourceTree = "<group>";
		};
		4E5FB26929BE610800A34495 /* FFStorageVC */ = {
			isa = PBXGroup;
			children = (
				4E83D5DE29A4364E00D68939 /* FFStorageVC.swift */,
				4E5FB26629BE199400A34495 /* FFStorageVC+TableView.swift */,
				4E0DDD6429ABC05C00A5894E /* Other */,
			);
			path = FFStorageVC;
			sourceTree = "<group>";
		};
		4E5FB26B29BE6A4D00A34495 /* Coordinator */ = {
			isa = PBXGroup;
			children = (
				4E9E8CA429C642900021940F /* MainTabBarCoordinator.swift */,
				4E9E8CA629C6454E0021940F /* FFStorageCoordinator.swift */,
				4E9E8CA829C683F70021940F /* FFFinanceCoordinator.swift */,
				4EC8C5C229CA6205008F5412 /* FFPromoCoordinator.swift */,
				4EC8C5C429CA6396008F5412 /* FFAdminCoordinator.swift */,
				4EFB7DC629D388DA002DA792 /* FFLoginCoordinator.swift */,
			);
			path = Coordinator;
			sourceTree = "<group>";
		};
		4EAD06FC29CCA1A600B13274 /* FFFinanceVC */ = {
			isa = PBXGroup;
			children = (
				4E83D5E029A4365D00D68939 /* FFFinanceVC.swift */,
				4EC8C5C029C9E95B008F5412 /* FFFinanceDetailVC.swift */,
			);
			path = FFFinanceVC;
			sourceTree = "<group>";
		};
		4EAD06FD29CCA1B300B13274 /* FFPromoVC */ = {
			isa = PBXGroup;
			children = (
				4E83D5E229A4367200D68939 /* FFPromoVC.swift */,
			);
			path = FFPromoVC;
			sourceTree = "<group>";
		};
		4EAD06FE29CCA1BF00B13274 /* FFAdminVC */ = {
			isa = PBXGroup;
			children = (
				4E83D5E429A4368A00D68939 /* FFAdminVC.swift */,
			);
			path = FFAdminVC;
			sourceTree = "<group>";
		};
		4EAD06FF29CD004400B13274 /* Utils */ = {
			isa = PBXGroup;
			children = (
				4EB5DDE129BA03FA00C9B92D /* Binder.swift */,
				4ECD52B829AEE381003EC3C6 /* ActualGradientButton.swift */,
			);
			path = Utils;
			sourceTree = "<group>";
		};
		4EAD070229CD05A200B13274 /* FFStorage */ = {
			isa = PBXGroup;
			children = (
				4E90E33929AADE0700311C14 /* FFStorageVM.swift */,
				4EFF7CDF29B7CDA500B9D086 /* FFProductCellVM.swift */,
				4EAD070029CD059700B13274 /* FFStorageCellDetailVM.swift */,
			);
			path = FFStorage;
			sourceTree = "<group>";
		};
		4EBEC3D229A4338B00CB72C5 = {
			isa = PBXGroup;
			children = (
				4EBEC3DD29A4338C00CB72C5 /* FinFlow */,
				4EBEC3DC29A4338C00CB72C5 /* Products */,
				C8823E22DD9E8608B02A7F2A /* Pods */,
				CA909C6FB67EC3F708E33321 /* Frameworks */,
			);
			sourceTree = "<group>";
		};
		4EBEC3DC29A4338C00CB72C5 /* Products */ = {
			isa = PBXGroup;
			children = (
				4EBEC3DB29A4338C00CB72C5 /* FinFlow.app */,
			);
			name = Products;
			sourceTree = "<group>";
		};
		4EBEC3DD29A4338C00CB72C5 /* FinFlow */ = {
			isa = PBXGroup;
			children = (
				4EBEC3F829A4349E00CB72C5 /* Resources */,
				4EBEC3F729A4349100CB72C5 /* Managers */,
				4EBEC3F629A4347E00CB72C5 /* APIClient */,
				4E5FB26B29BE6A4D00A34495 /* Coordinator */,
				4EBEC3F529A4346C00CB72C5 /* ViewModels */,
				4EBEC3F429A4346800CB72C5 /* Views */,
				4EBEC3F329A4345900CB72C5 /* Models */,
				4EBEC3F229A4344900CB72C5 /* Controllers */,
				4EAD06FF29CD004400B13274 /* Utils */,
				4EBEC3EC29A4338D00CB72C5 /* Info.plist */,
			);
			path = FinFlow;
			sourceTree = "<group>";
		};
		4EBEC3F229A4344900CB72C5 /* Controllers */ = {
			isa = PBXGroup;
			children = (
				4EFB7DC029D38793002DA792 /* FFLogin */,
				4E5FB26929BE610800A34495 /* FFStorageVC */,
				4EAD06FC29CCA1A600B13274 /* FFFinanceVC */,
				4EAD06FD29CCA1B300B13274 /* FFPromoVC */,
				4EAD06FE29CCA1BF00B13274 /* FFAdminVC */,
			);
			path = Controllers;
			sourceTree = "<group>";
		};
		4EBEC3F329A4345900CB72C5 /* Models */ = {
			isa = PBXGroup;
			children = (
				4EF93F4329A6877100BF9AB3 /* User.swift */,
				4EFF7CDD29B7CBAC00B9D086 /* Product.swift */,
				4EAE155A29D72A390047A0E7 /* Company.swift */,
			);
			path = Models;
			sourceTree = "<group>";
		};
		4EBEC3F429A4346800CB72C5 /* Views */ = {
			isa = PBXGroup;
			children = (
				4E5FB26829BE60ED00A34495 /* StorageView */,
			);
			path = Views;
			sourceTree = "<group>";
		};
		4EBEC3F529A4346C00CB72C5 /* ViewModels */ = {
			isa = PBXGroup;
			children = (
				4EFB7DC329D387E2002DA792 /* FFLogin */,
				4EAD070229CD05A200B13274 /* FFStorage */,
			);
			path = ViewModels;
			sourceTree = "<group>";
		};
		4EBEC3F629A4347E00CB72C5 /* APIClient */ = {
			isa = PBXGroup;
			children = (
				4E2DAA0C29CF9C5600F78C3D /* FFService.swift */,
				4E2DAA0E29CF9C5D00F78C3D /* FFRequest.swift */,
				4E2DAA1029CF9C7000F78C3D /* FFEndpoint.swift */,
				4EFB7DC829D3B1FF002DA792 /* Models */,
			);
			path = APIClient;
			sourceTree = "<group>";
		};
		4EBEC3F729A4349100CB72C5 /* Managers */ = {
			isa = PBXGroup;
			children = (
				4E364F6D29D4C19C00DD0840 /* FFActivityIndicatorManager.swift */,
				4E84FF9229D588FB00120A52 /* FFAlertManager.swift */,
				4E84FF9429D60D1B00120A52 /* FFKeychainManager.swift */,
			);
			path = Managers;
			sourceTree = "<group>";
		};
		4EBEC3F829A4349E00CB72C5 /* Resources */ = {
			isa = PBXGroup;
			children = (
				4EBEC3DE29A4338C00CB72C5 /* AppDelegate.swift */,
				4EFC791029C520F9004A1069 /* AppCoordinator.swift */,
				4EBEC3E029A4338C00CB72C5 /* SceneDelegate.swift */,
				4EBEC3E729A4338D00CB72C5 /* Assets.xcassets */,
				4EBEC3E929A4338D00CB72C5 /* LaunchScreen.storyboard */,
				4E83D5E629A44E0600D68939 /* Extensions.swift */,
				4E0DDD6529AC2F9000A5894E /* Fonts */,
			);
			path = Resources;
			sourceTree = "<group>";
		};
		4EFB7DC029D38793002DA792 /* FFLogin */ = {
			isa = PBXGroup;
			children = (
				4EFB7DC129D387AC002DA792 /* FFLoginVC.swift */,
			);
			path = FFLogin;
			sourceTree = "<group>";
		};
		4EFB7DC329D387E2002DA792 /* FFLogin */ = {
			isa = PBXGroup;
			children = (
				4EFB7DC429D387F7002DA792 /* FFLoginVM.swift */,
			);
			path = FFLogin;
			sourceTree = "<group>";
		};
		4EFB7DC829D3B1FF002DA792 /* Models */ = {
			isa = PBXGroup;
			children = (
				4EFB7DC929D3B213002DA792 /* AuthRequestBody.swift */,
				4EFB7DBE29D375A6002DA792 /* TokenJWT.swift */,
			);
			path = Models;
			sourceTree = "<group>";
		};
		C8823E22DD9E8608B02A7F2A /* Pods */ = {
			isa = PBXGroup;
			children = (
				3B185CFAF1B856F0A85EC086 /* Pods-FinFlow.debug.xcconfig */,
				A9E7CC11A7FF94B85B4E8A80 /* Pods-FinFlow.release.xcconfig */,
			);
			path = Pods;
			sourceTree = "<group>";
		};
		CA909C6FB67EC3F708E33321 /* Frameworks */ = {
			isa = PBXGroup;
			children = (
				0AF8D14B127D08F619697282 /* Pods_FinFlow.framework */,
			);
			name = Frameworks;
			sourceTree = "<group>";
		};
/* End PBXGroup section */

/* Begin PBXNativeTarget section */
		4EBEC3DA29A4338C00CB72C5 /* FinFlow */ = {
			isa = PBXNativeTarget;
			buildConfigurationList = 4EBEC3EF29A4338D00CB72C5 /* Build configuration list for PBXNativeTarget "FinFlow" */;
			buildPhases = (
				1E26449FDD6B4F14BACE7A0A /* [CP] Check Pods Manifest.lock */,
				4EBEC3D729A4338C00CB72C5 /* Sources */,
				4EBEC3D829A4338C00CB72C5 /* Frameworks */,
				4EBEC3D929A4338C00CB72C5 /* Resources */,
				DD3FFBE3531730261AC60E15 /* [CP] Embed Pods Frameworks */,
			);
			buildRules = (
			);
			dependencies = (
			);
			name = FinFlow;
			productName = FinanceFlow;
			productReference = 4EBEC3DB29A4338C00CB72C5 /* FinFlow.app */;
			productType = "com.apple.product-type.application";
		};
/* End PBXNativeTarget section */

/* Begin PBXProject section */
		4EBEC3D329A4338B00CB72C5 /* Project object */ = {
			isa = PBXProject;
			attributes = {
				BuildIndependentTargetsInParallel = 1;
				LastSwiftUpdateCheck = 1420;
				LastUpgradeCheck = 1420;
				TargetAttributes = {
					4EBEC3DA29A4338C00CB72C5 = {
						CreatedOnToolsVersion = 14.2;
					};
				};
			};
			buildConfigurationList = 4EBEC3D629A4338B00CB72C5 /* Build configuration list for PBXProject "FinFlow" */;
			compatibilityVersion = "Xcode 14.0";
			developmentRegion = en;
			hasScannedForEncodings = 0;
			knownRegions = (
				en,
				Base,
			);
			mainGroup = 4EBEC3D229A4338B00CB72C5;
			productRefGroup = 4EBEC3DC29A4338C00CB72C5 /* Products */;
			projectDirPath = "";
			projectRoot = "";
			targets = (
				4EBEC3DA29A4338C00CB72C5 /* FinFlow */,
			);
		};
/* End PBXProject section */

/* Begin PBXResourcesBuildPhase section */
		4EBEC3D929A4338C00CB72C5 /* Resources */ = {
			isa = PBXResourcesBuildPhase;
			buildActionMask = 2147483647;
			files = (
				4EBEC3EB29A4338D00CB72C5 /* LaunchScreen.storyboard in Resources */,
				4E0DDD6929AC2FC300A5894E /* Poppins-Bold.ttf in Resources */,
				4EBEC3E829A4338D00CB72C5 /* Assets.xcassets in Resources */,
				4E0DDD6A29AC2FC300A5894E /* Poppins-Regular.ttf in Resources */,
				4E0DDD6B29AC2FC300A5894E /* Poppins-Medium.ttf in Resources */,
			);
			runOnlyForDeploymentPostprocessing = 0;
		};
/* End PBXResourcesBuildPhase section */

/* Begin PBXShellScriptBuildPhase section */
		1E26449FDD6B4F14BACE7A0A /* [CP] Check Pods Manifest.lock */ = {
			isa = PBXShellScriptBuildPhase;
			alwaysOutOfDate = 1;
			buildActionMask = 2147483647;
			files = (
			);
			inputFileListPaths = (
			);
			inputPaths = (
				"${PODS_PODFILE_DIR_PATH}/Podfile.lock",
				"${PODS_ROOT}/Manifest.lock",
			);
			name = "[CP] Check Pods Manifest.lock";
			outputFileListPaths = (
			);
			outputPaths = (
				"$(DERIVED_FILE_DIR)/Pods-FinFlow-checkManifestLockResult.txt",
			);
			runOnlyForDeploymentPostprocessing = 0;
			shellPath = /bin/sh;
			shellScript = "diff \"${PODS_PODFILE_DIR_PATH}/Podfile.lock\" \"${PODS_ROOT}/Manifest.lock\" > /dev/null\nif [ $? != 0 ] ; then\n    # print error to STDERR\n    echo \"error: The sandbox is not in sync with the Podfile.lock. Run 'pod install' or update your CocoaPods installation.\" >&2\n    exit 1\nfi\n# This output is used by Xcode 'outputs' to avoid re-running this script phase.\necho \"SUCCESS\" > \"${SCRIPT_OUTPUT_FILE_0}\"\n";
			showEnvVarsInLog = 0;
		};
		DD3FFBE3531730261AC60E15 /* [CP] Embed Pods Frameworks */ = {
			isa = PBXShellScriptBuildPhase;
			alwaysOutOfDate = 1;
			buildActionMask = 2147483647;
			files = (
			);
			inputFileListPaths = (
				"${PODS_ROOT}/Target Support Files/Pods-FinFlow/Pods-FinFlow-frameworks-${CONFIGURATION}-input-files.xcfilelist",
			);
			name = "[CP] Embed Pods Frameworks";
			outputFileListPaths = (
				"${PODS_ROOT}/Target Support Files/Pods-FinFlow/Pods-FinFlow-frameworks-${CONFIGURATION}-output-files.xcfilelist",
			);
			runOnlyForDeploymentPostprocessing = 0;
			shellPath = /bin/sh;
			shellScript = "\"${PODS_ROOT}/Target Support Files/Pods-FinFlow/Pods-FinFlow-frameworks.sh\"\n";
			showEnvVarsInLog = 0;
		};
/* End PBXShellScriptBuildPhase section */

/* Begin PBXSourcesBuildPhase section */
		4EBEC3D729A4338C00CB72C5 /* Sources */ = {
			isa = PBXSourcesBuildPhase;
			buildActionMask = 2147483647;
			files = (
				4E83D5E529A4368A00D68939 /* FFAdminVC.swift in Sources */,
				4E83D5E329A4367200D68939 /* FFPromoVC.swift in Sources */,
				4E83D5DF29A4364E00D68939 /* FFStorageVC.swift in Sources */,
				4EFB7DCA29D3B213002DA792 /* AuthRequestBody.swift in Sources */,
				4E84FF9529D60D1B00120A52 /* FFKeychainManager.swift in Sources */,
				4E2DAA1129CF9C7000F78C3D /* FFEndpoint.swift in Sources */,
				4E364F6E29D4C19C00DD0840 /* FFActivityIndicatorManager.swift in Sources */,
				4E83D5E729A44E0600D68939 /* Extensions.swift in Sources */,
				4E09B40429B024BA0088978E /* FFProductTableViewCell.swift in Sources */,
				4EAD070129CD059700B13274 /* FFStorageCellDetailVM.swift in Sources */,
				4EFB7DBF29D375A6002DA792 /* TokenJWT.swift in Sources */,
				4E84FF9329D588FB00120A52 /* FFAlertManager.swift in Sources */,
				4EFF7CDE29B7CBAC00B9D086 /* Product.swift in Sources */,
				4EFC791129C520F9004A1069 /* AppCoordinator.swift in Sources */,
				4EF93F4429A6877100BF9AB3 /* User.swift in Sources */,
				4EBEC3DF29A4338C00CB72C5 /* AppDelegate.swift in Sources */,
				4EC8C5C529CA6396008F5412 /* FFAdminCoordinator.swift in Sources */,
				4EBEC3E129A4338C00CB72C5 /* SceneDelegate.swift in Sources */,
				4EFB7DC529D387F7002DA792 /* FFLoginVM.swift in Sources */,
				4EFF7CE029B7CDA500B9D086 /* FFProductCellVM.swift in Sources */,
				4E83D5E129A4365D00D68939 /* FFFinanceVC.swift in Sources */,
				4E9E8CA529C642900021940F /* MainTabBarCoordinator.swift in Sources */,
				4EB7E82829AD8177009C902B /* FFStorageSearchResultVC.swift in Sources */,
				4EAE155B29D72A390047A0E7 /* Company.swift in Sources */,
				4ECD52B729AEA0F7003EC3C6 /* FFMainViewCardV.swift in Sources */,
				4EFB7DC229D387AC002DA792 /* FFLoginVC.swift in Sources */,
				4E90E33A29AADE0700311C14 /* FFStorageVM.swift in Sources */,
				4EC8C5C329CA6205008F5412 /* FFPromoCoordinator.swift in Sources */,
				4E2A000729BFDB040090B113 /* FFStorageCellDetailVC.swift in Sources */,
				4E09B40629B02E520088978E /* FFProductTableViewHeader.swift in Sources */,
				4E9E8CA929C683F70021940F /* FFFinanceCoordinator.swift in Sources */,
				4EC8C5C129C9E95B008F5412 /* FFFinanceDetailVC.swift in Sources */,
				4EFB7DC729D388DA002DA792 /* FFLoginCoordinator.swift in Sources */,
				4ED496A729BD4E9D0042A3F6 /* FFProductTableViewFooterV.swift in Sources */,
				4E2DAA0D29CF9C5600F78C3D /* FFService.swift in Sources */,
				4ECD52B929AEE381003EC3C6 /* ActualGradientButton.swift in Sources */,
				4E9E8CA729C6454E0021940F /* FFStorageCoordinator.swift in Sources */,
				4E2DAA0F29CF9C5D00F78C3D /* FFRequest.swift in Sources */,
				4E5FB26729BE199400A34495 /* FFStorageVC+TableView.swift in Sources */,
				4EB5DDE229BA03FA00C9B92D /* Binder.swift in Sources */,
			);
			runOnlyForDeploymentPostprocessing = 0;
		};
/* End PBXSourcesBuildPhase section */

/* Begin PBXVariantGroup section */
		4EBEC3E929A4338D00CB72C5 /* LaunchScreen.storyboard */ = {
			isa = PBXVariantGroup;
			children = (
				4EBEC3EA29A4338D00CB72C5 /* Base */,
			);
			name = LaunchScreen.storyboard;
			sourceTree = "<group>";
		};
/* End PBXVariantGroup section */

/* Begin XCBuildConfiguration section */
		4EBEC3ED29A4338D00CB72C5 /* Debug */ = {
			isa = XCBuildConfiguration;
			buildSettings = {
				ALWAYS_SEARCH_USER_PATHS = NO;
				CLANG_ANALYZER_NONNULL = YES;
				CLANG_ANALYZER_NUMBER_OBJECT_CONVERSION = YES_AGGRESSIVE;
				CLANG_CXX_LANGUAGE_STANDARD = "gnu++20";
				CLANG_ENABLE_MODULES = YES;
				CLANG_ENABLE_OBJC_ARC = YES;
				CLANG_ENABLE_OBJC_WEAK = YES;
				CLANG_WARN_BLOCK_CAPTURE_AUTORELEASING = YES;
				CLANG_WARN_BOOL_CONVERSION = YES;
				CLANG_WARN_COMMA = YES;
				CLANG_WARN_CONSTANT_CONVERSION = YES;
				CLANG_WARN_DEPRECATED_OBJC_IMPLEMENTATIONS = YES;
				CLANG_WARN_DIRECT_OBJC_ISA_USAGE = YES_ERROR;
				CLANG_WARN_DOCUMENTATION_COMMENTS = YES;
				CLANG_WARN_EMPTY_BODY = YES;
				CLANG_WARN_ENUM_CONVERSION = YES;
				CLANG_WARN_INFINITE_RECURSION = YES;
				CLANG_WARN_INT_CONVERSION = YES;
				CLANG_WARN_NON_LITERAL_NULL_CONVERSION = YES;
				CLANG_WARN_OBJC_IMPLICIT_RETAIN_SELF = YES;
				CLANG_WARN_OBJC_LITERAL_CONVERSION = YES;
				CLANG_WARN_OBJC_ROOT_CLASS = YES_ERROR;
				CLANG_WARN_QUOTED_INCLUDE_IN_FRAMEWORK_HEADER = YES;
				CLANG_WARN_RANGE_LOOP_ANALYSIS = YES;
				CLANG_WARN_STRICT_PROTOTYPES = YES;
				CLANG_WARN_SUSPICIOUS_MOVE = YES;
				CLANG_WARN_UNGUARDED_AVAILABILITY = YES_AGGRESSIVE;
				CLANG_WARN_UNREACHABLE_CODE = YES;
				CLANG_WARN__DUPLICATE_METHOD_MATCH = YES;
				COPY_PHASE_STRIP = NO;
				DEBUG_INFORMATION_FORMAT = dwarf;
				ENABLE_STRICT_OBJC_MSGSEND = YES;
				ENABLE_TESTABILITY = YES;
				GCC_C_LANGUAGE_STANDARD = gnu11;
				GCC_DYNAMIC_NO_PIC = NO;
				GCC_NO_COMMON_BLOCKS = YES;
				GCC_OPTIMIZATION_LEVEL = 0;
				GCC_PREPROCESSOR_DEFINITIONS = (
					"DEBUG=1",
					"$(inherited)",
				);
				GCC_WARN_64_TO_32_BIT_CONVERSION = YES;
				GCC_WARN_ABOUT_RETURN_TYPE = YES_ERROR;
				GCC_WARN_UNDECLARED_SELECTOR = YES;
				GCC_WARN_UNINITIALIZED_AUTOS = YES_AGGRESSIVE;
				GCC_WARN_UNUSED_FUNCTION = YES;
				GCC_WARN_UNUSED_VARIABLE = YES;
				IPHONEOS_DEPLOYMENT_TARGET = 16.2;
				MTL_ENABLE_DEBUG_INFO = INCLUDE_SOURCE;
				MTL_FAST_MATH = YES;
				ONLY_ACTIVE_ARCH = YES;
				SDKROOT = iphoneos;
				SWIFT_ACTIVE_COMPILATION_CONDITIONS = DEBUG;
				SWIFT_OPTIMIZATION_LEVEL = "-Onone";
			};
			name = Debug;
		};
		4EBEC3EE29A4338D00CB72C5 /* Release */ = {
			isa = XCBuildConfiguration;
			buildSettings = {
				ALWAYS_SEARCH_USER_PATHS = NO;
				CLANG_ANALYZER_NONNULL = YES;
				CLANG_ANALYZER_NUMBER_OBJECT_CONVERSION = YES_AGGRESSIVE;
				CLANG_CXX_LANGUAGE_STANDARD = "gnu++20";
				CLANG_ENABLE_MODULES = YES;
				CLANG_ENABLE_OBJC_ARC = YES;
				CLANG_ENABLE_OBJC_WEAK = YES;
				CLANG_WARN_BLOCK_CAPTURE_AUTORELEASING = YES;
				CLANG_WARN_BOOL_CONVERSION = YES;
				CLANG_WARN_COMMA = YES;
				CLANG_WARN_CONSTANT_CONVERSION = YES;
				CLANG_WARN_DEPRECATED_OBJC_IMPLEMENTATIONS = YES;
				CLANG_WARN_DIRECT_OBJC_ISA_USAGE = YES_ERROR;
				CLANG_WARN_DOCUMENTATION_COMMENTS = YES;
				CLANG_WARN_EMPTY_BODY = YES;
				CLANG_WARN_ENUM_CONVERSION = YES;
				CLANG_WARN_INFINITE_RECURSION = YES;
				CLANG_WARN_INT_CONVERSION = YES;
				CLANG_WARN_NON_LITERAL_NULL_CONVERSION = YES;
				CLANG_WARN_OBJC_IMPLICIT_RETAIN_SELF = YES;
				CLANG_WARN_OBJC_LITERAL_CONVERSION = YES;
				CLANG_WARN_OBJC_ROOT_CLASS = YES_ERROR;
				CLANG_WARN_QUOTED_INCLUDE_IN_FRAMEWORK_HEADER = YES;
				CLANG_WARN_RANGE_LOOP_ANALYSIS = YES;
				CLANG_WARN_STRICT_PROTOTYPES = YES;
				CLANG_WARN_SUSPICIOUS_MOVE = YES;
				CLANG_WARN_UNGUARDED_AVAILABILITY = YES_AGGRESSIVE;
				CLANG_WARN_UNREACHABLE_CODE = YES;
				CLANG_WARN__DUPLICATE_METHOD_MATCH = YES;
				COPY_PHASE_STRIP = NO;
				DEBUG_INFORMATION_FORMAT = "dwarf-with-dsym";
				ENABLE_NS_ASSERTIONS = NO;
				ENABLE_STRICT_OBJC_MSGSEND = YES;
				GCC_C_LANGUAGE_STANDARD = gnu11;
				GCC_NO_COMMON_BLOCKS = YES;
				GCC_WARN_64_TO_32_BIT_CONVERSION = YES;
				GCC_WARN_ABOUT_RETURN_TYPE = YES_ERROR;
				GCC_WARN_UNDECLARED_SELECTOR = YES;
				GCC_WARN_UNINITIALIZED_AUTOS = YES_AGGRESSIVE;
				GCC_WARN_UNUSED_FUNCTION = YES;
				GCC_WARN_UNUSED_VARIABLE = YES;
				IPHONEOS_DEPLOYMENT_TARGET = 16.2;
				MTL_ENABLE_DEBUG_INFO = NO;
				MTL_FAST_MATH = YES;
				SDKROOT = iphoneos;
				SWIFT_COMPILATION_MODE = wholemodule;
				SWIFT_OPTIMIZATION_LEVEL = "-O";
				VALIDATE_PRODUCT = YES;
			};
			name = Release;
		};
		4EBEC3F029A4338D00CB72C5 /* Debug */ = {
			isa = XCBuildConfiguration;
			baseConfigurationReference = 3B185CFAF1B856F0A85EC086 /* Pods-FinFlow.debug.xcconfig */;
			buildSettings = {
				ASSETCATALOG_COMPILER_APPICON_NAME = AppIcon;
				ASSETCATALOG_COMPILER_GLOBAL_ACCENT_COLOR_NAME = AccentColor;
				CODE_SIGN_STYLE = Automatic;
				CURRENT_PROJECT_VERSION = 1;
				DEVELOPMENT_TEAM = 2C3W54T5P2;
				GENERATE_INFOPLIST_FILE = YES;
				INFOPLIST_FILE = FinFlow/Info.plist;
				INFOPLIST_KEY_UIApplicationSupportsIndirectInputEvents = YES;
				INFOPLIST_KEY_UILaunchStoryboardName = LaunchScreen;
				INFOPLIST_KEY_UISupportedInterfaceOrientations_iPad = "UIInterfaceOrientationPortrait UIInterfaceOrientationPortraitUpsideDown UIInterfaceOrientationLandscapeLeft UIInterfaceOrientationLandscapeRight";
				INFOPLIST_KEY_UISupportedInterfaceOrientations_iPhone = "UIInterfaceOrientationPortrait UIInterfaceOrientationLandscapeLeft UIInterfaceOrientationLandscapeRight";
				INFOPLIST_KEY_UIUserInterfaceStyle = Light;
				LD_RUNPATH_SEARCH_PATHS = (
					"$(inherited)",
					"@executable_path/Frameworks",
				);
				MARKETING_VERSION = 1.0;
				PRODUCT_BUNDLE_IDENTIFIER = SWS.FinFlow;
				PRODUCT_NAME = "$(TARGET_NAME)";
				SWIFT_EMIT_LOC_STRINGS = YES;
				SWIFT_VERSION = 5.0;
				TARGETED_DEVICE_FAMILY = "1,2";
			};
			name = Debug;
		};
		4EBEC3F129A4338D00CB72C5 /* Release */ = {
			isa = XCBuildConfiguration;
			baseConfigurationReference = A9E7CC11A7FF94B85B4E8A80 /* Pods-FinFlow.release.xcconfig */;
			buildSettings = {
				ASSETCATALOG_COMPILER_APPICON_NAME = AppIcon;
				ASSETCATALOG_COMPILER_GLOBAL_ACCENT_COLOR_NAME = AccentColor;
				CODE_SIGN_STYLE = Automatic;
				CURRENT_PROJECT_VERSION = 1;
				DEVELOPMENT_TEAM = 2C3W54T5P2;
				GENERATE_INFOPLIST_FILE = YES;
				INFOPLIST_FILE = FinFlow/Info.plist;
				INFOPLIST_KEY_UIApplicationSupportsIndirectInputEvents = YES;
				INFOPLIST_KEY_UILaunchStoryboardName = LaunchScreen;
				INFOPLIST_KEY_UISupportedInterfaceOrientations_iPad = "UIInterfaceOrientationPortrait UIInterfaceOrientationPortraitUpsideDown UIInterfaceOrientationLandscapeLeft UIInterfaceOrientationLandscapeRight";
				INFOPLIST_KEY_UISupportedInterfaceOrientations_iPhone = "UIInterfaceOrientationPortrait UIInterfaceOrientationLandscapeLeft UIInterfaceOrientationLandscapeRight";
				INFOPLIST_KEY_UIUserInterfaceStyle = Light;
				LD_RUNPATH_SEARCH_PATHS = (
					"$(inherited)",
					"@executable_path/Frameworks",
				);
				MARKETING_VERSION = 1.0;
				PRODUCT_BUNDLE_IDENTIFIER = SWS.FinFlow;
				PRODUCT_NAME = "$(TARGET_NAME)";
				SWIFT_EMIT_LOC_STRINGS = YES;
				SWIFT_VERSION = 5.0;
				TARGETED_DEVICE_FAMILY = "1,2";
			};
			name = Release;
		};
/* End XCBuildConfiguration section */

/* Begin XCConfigurationList section */
		4EBEC3D629A4338B00CB72C5 /* Build configuration list for PBXProject "FinFlow" */ = {
			isa = XCConfigurationList;
			buildConfigurations = (
				4EBEC3ED29A4338D00CB72C5 /* Debug */,
				4EBEC3EE29A4338D00CB72C5 /* Release */,
			);
			defaultConfigurationIsVisible = 0;
			defaultConfigurationName = Release;
		};
		4EBEC3EF29A4338D00CB72C5 /* Build configuration list for PBXNativeTarget "FinFlow" */ = {
			isa = XCConfigurationList;
			buildConfigurations = (
				4EBEC3F029A4338D00CB72C5 /* Debug */,
				4EBEC3F129A4338D00CB72C5 /* Release */,
			);
			defaultConfigurationIsVisible = 0;
			defaultConfigurationName = Release;
		};
/* End XCConfigurationList section */
	};
	rootObject = 4EBEC3D329A4338B00CB72C5 /* Project object */;
}
